
Microsoft Visual Studio Solution File, Format Version 12.00
# Visual Studio Version 17
VisualStudioVersion = 17.8.34511.84
MinimumVisualStudioVersion = 10.0.40219.1
Project("{9A19103F-16F7-4668-BE54-9A1E7A4F7556}") = "bynrcargo.Api", "bynrcargo.Api\bynrcargo.Api.csproj", "{7A5E83AC-3684-42E8-BF34-FDD4B0918F21}"
EndProject
Global
	GlobalSection(SolutionConfigurationPlatforms) = preSolution
		Debug|Any CPU = Debug|Any CPU
		Release|Any CPU = Release|Any CPU
	EndGlobalSection
	GlobalSection(ProjectConfigurationPlatforms) = postSolution
		{7A5E83AC-3684-42E8-BF34-FDD4B0918F21}.Debug|Any CPU.ActiveCfg = Debug|Any CPU
		{7A5E83AC-3684-42E8-BF34-FDD4B0918F21}.Debug|Any CPU.Build.0 = Debug|Any CPU
		{7A5E83AC-3684-42E8-BF34-FDD4B0918F21}.Release|Any CPU.ActiveCfg = Release|Any CPU
		{7A5E83AC-3684-42E8-BF34-FDD4B0918F21}.Release|Any CPU.Build.0 = Release|Any CPU
	EndGlobalSection
	GlobalSection(SolutionProperties) = preSolution
		HideSolutionNode = FALSE
	EndGlobalSection
	GlobalSection(ExtensibilityGlobals) = postSolution
		SolutionGuid = {70FCF3FE-F199-496E-9BAF-B447D1D04FE3}
	EndGlobalSection
EndGlobal
